
Microsoft Visual Studio Solution File, Format Version 12.00
# Visual Studio Version 17
VisualStudioVersion = 17.9.34622.214
MinimumVisualStudioVersion = 10.0.40219.1
Project("{FAE04EC0-301F-11D3-BF4B-00C04F79EFBC}") = "HelloWorldWindform", "HelloWorldWindform\HelloWorldWindform.csproj", "{8542F308-8C8B-4670-A898-A9320F130FC2}"
EndProject
Global
	GlobalSection(SolutionConfigurationPlatforms) = preSolution
		Debug|Any CPU = Debug|Any CPU
		Release|Any CPU = Release|Any CPU
	EndGlobalSection
	GlobalSection(ProjectConfigurationPlatforms) = postSolution
		{8542F308-8C8B-4670-A898-A9320F130FC2}.Debug|Any CPU.ActiveCfg = Debug|Any CPU
		{8542F308-8C8B-4670-A898-A9320F130FC2}.Debug|Any CPU.Build.0 = Debug|Any CPU
		{8542F308-8C8B-4670-A898-A9320F130FC2}.Release|Any CPU.ActiveCfg = Release|Any CPU
		{8542F308-8C8B-4670-A898-A9320F130FC2}.Release|Any CPU.Build.0 = Release|Any CPU
	EndGlobalSection
	GlobalSection(SolutionProperties) = preSolution
		HideSolutionNode = FALSE
	EndGlobalSection
	GlobalSection(ExtensibilityGlobals) = postSolution
		SolutionGuid = {A0880CDA-DC85-4B1F-8112-C2483169E846}
	EndGlobalSection
EndGlobal
